// !$*UTF8*$!
{
	archiveVersion = 1;
	classes = {
	};
	objectVersion = 46;
	objects = {

/* Begin PBXBuildFile section */
		8931DD84153203D800B974C7 /* pro_capture_identifier_expr.c in Sources */ = {isa = PBXBuildFile; fileRef = 8931DD81153203D700B974C7 /* pro_capture_identifier_expr.c */; };
		8944F793154785090054A366 /* libprosopon-core.dylib in Frameworks */ = {isa = PBXBuildFile; fileRef = 8944F788154783350054A366 /* libprosopon-core.dylib */; };
		8944F7A3154785810054A366 /* libprosopon-core.dylib in Frameworks */ = {isa = PBXBuildFile; fileRef = 8944F788154783350054A366 /* libprosopon-core.dylib */; };
		89A289411544EFEB006FE304 /* pro_expr.c in Sources */ = {isa = PBXBuildFile; fileRef = 89D1FCB81512457A00F78EB0 /* pro_expr.c */; };
		89A289431544EFEB006FE304 /* pro_become_expr.c in Sources */ = {isa = PBXBuildFile; fileRef = 89D1FC5B151241E600F78EB0 /* pro_become_expr.c */; };
		89A289441544EFEB006FE304 /* pro_expr_list.c in Sources */ = {isa = PBXBuildFile; fileRef = 89D1FC5D151241E600F78EB0 /* pro_expr_list.c */; };
		89A289451544EFEB006FE304 /* pro_list_expr.c in Sources */ = {isa = PBXBuildFile; fileRef = 89ABF6B4151C24E100DE1A07 /* pro_list_expr.c */; };
		89A289461544EFEB006FE304 /* pro_capture_identifier_expr.c in Sources */ = {isa = PBXBuildFile; fileRef = 8931DD81153203D700B974C7 /* pro_capture_identifier_expr.c */; };
		89A289471544EFEB006FE304 /* pro_identifier_expr.c in Sources */ = {isa = PBXBuildFile; fileRef = 89D1FC62151241E600F78EB0 /* pro_identifier_expr.c */; };
		89A289481544EFEB006FE304 /* pro_let_expr.c in Sources */ = {isa = PBXBuildFile; fileRef = 89D1FC64151241E600F78EB0 /* pro_let_expr.c */; };
		89A289491544EFEB006FE304 /* pro_number_expr.c in Sources */ = {isa = PBXBuildFile; fileRef = 89D1FC68151241E600F78EB0 /* pro_number_expr.c */; };
		89A2894A1544EFEB006FE304 /* pro_send_expr.c in Sources */ = {isa = PBXBuildFile; fileRef = 89D1FC6C151241E600F78EB0 /* pro_send_expr.c */; };
		89A2894B1544EFEB006FE304 /* pro_string_expr.c in Sources */ = {isa = PBXBuildFile; fileRef = 89D1FC72151241E600F78EB0 /* pro_string_expr.c */; };
		89A2894C1544EFEB006FE304 /* pro_case_expr.c in Sources */ = {isa = PBXBuildFile; fileRef = 89D1FCBE151249CA00F78EB0 /* pro_case_expr.c */; };
		89A2894D1544EFEB006FE304 /* pro_message_expr.c in Sources */ = {isa = PBXBuildFile; fileRef = 89E7FD48151B839F009472C2 /* pro_message_expr.c */; };
		89A2894E1544EFEB006FE304 /* pro_constructor_expr.c in Sources */ = {isa = PBXBuildFile; fileRef = 89E7FD4A151B865C009472C2 /* pro_constructor_expr.c */; };
		89A2894F1544EFEB006FE304 /* pro_actor_expr.c in Sources */ = {isa = PBXBuildFile; fileRef = 89E7FD4E151B8915009472C2 /* pro_actor_expr.c */; };
		89A289511544F024006FE304 /* libprosopon-stdlib.dylib in Frameworks */ = {isa = PBXBuildFile; fileRef = 89AF57F61538BA17008D8426 /* libprosopon-stdlib.dylib */; };
		89A289521544F043006FE304 /* prosopon_interpreter.h in Headers */ = {isa = PBXBuildFile; fileRef = 89AFC37F1538ABEC0083E8E8 /* prosopon_interpreter.h */; settings = {ATTRIBUTES = (Public, ); }; };
		89A289531544F043006FE304 /* prosopon_interpreter_config.h in Headers */ = {isa = PBXBuildFile; fileRef = 89A2892015448D06006FE304 /* prosopon_interpreter_config.h */; settings = {ATTRIBUTES = (Public, ); }; };
		89A289541544F073006FE304 /* scan.l in Sources */ = {isa = PBXBuildFile; fileRef = 89D1FC78151241E600F78EB0 /* scan.l */; };
		89A289551544F073006FE304 /* gram.y in Sources */ = {isa = PBXBuildFile; fileRef = 89D1FC59151241E600F78EB0 /* gram.y */; };
		89A289571544F15F006FE304 /* pro_interpreter_state.h in Headers */ = {isa = PBXBuildFile; fileRef = 89A289561544F15E006FE304 /* pro_interpreter_state.h */; };
		89A289591544F30A006FE304 /* pro_interpreter_state.c in Sources */ = {isa = PBXBuildFile; fileRef = 89A289581544F309006FE304 /* pro_interpreter_state.c */; };
		89A2897215450BDE006FE304 /* pro_expr_type.c in Sources */ = {isa = PBXBuildFile; fileRef = 89A2897115450BDE006FE304 /* pro_expr_type.c */; };
		89A2897415450BF0006FE304 /* pro_expr_type.h in Headers */ = {isa = PBXBuildFile; fileRef = 89A2897315450BF0006FE304 /* pro_expr_type.h */; };
		89AF58071539107F008D8426 /* libprosopon-stdlib.dylib in Frameworks */ = {isa = PBXBuildFile; fileRef = 89AF57F61538BA17008D8426 /* libprosopon-stdlib.dylib */; };
		89CE9C69151D753800CE5511 /* test.c in Sources */ = {isa = PBXBuildFile; fileRef = 89CE9C51151D747200CE5511 /* test.c */; };
		89CE9C6C151D75B600CE5511 /* libcunit.1.dylib in Frameworks */ = {isa = PBXBuildFile; fileRef = 89CE9C6B151D75B600CE5511 /* libcunit.1.dylib */; };
		89CE9C6D151D75E000CE5511 /* test-pro_let_expr.c in Sources */ = {isa = PBXBuildFile; fileRef = 89CE9C59151D74F900CE5511 /* test-pro_let_expr.c */; };
		89CE9C77151D76B400CE5511 /* pro_expr.c in Sources */ = {isa = PBXBuildFile; fileRef = 89D1FCB81512457A00F78EB0 /* pro_expr.c */; };
		89CE9C78151D76B400CE5511 /* pro_become_expr.c in Sources */ = {isa = PBXBuildFile; fileRef = 89D1FC5B151241E600F78EB0 /* pro_become_expr.c */; };
		89CE9C79151D76B400CE5511 /* pro_expr_list.c in Sources */ = {isa = PBXBuildFile; fileRef = 89D1FC5D151241E600F78EB0 /* pro_expr_list.c */; };
		89CE9C7A151D76B400CE5511 /* pro_list_expr.c in Sources */ = {isa = PBXBuildFile; fileRef = 89ABF6B4151C24E100DE1A07 /* pro_list_expr.c */; };
		89CE9C7C151D76B400CE5511 /* pro_identifier_expr.c in Sources */ = {isa = PBXBuildFile; fileRef = 89D1FC62151241E600F78EB0 /* pro_identifier_expr.c */; };
		89CE9C7D151D76B400CE5511 /* pro_let_expr.c in Sources */ = {isa = PBXBuildFile; fileRef = 89D1FC64151241E600F78EB0 /* pro_let_expr.c */; };
		89CE9C7E151D76B400CE5511 /* pro_number_expr.c in Sources */ = {isa = PBXBuildFile; fileRef = 89D1FC68151241E600F78EB0 /* pro_number_expr.c */; };
		89CE9C7F151D76B400CE5511 /* pro_send_expr.c in Sources */ = {isa = PBXBuildFile; fileRef = 89D1FC6C151241E600F78EB0 /* pro_send_expr.c */; };
		89CE9C80151D76B400CE5511 /* pro_string_expr.c in Sources */ = {isa = PBXBuildFile; fileRef = 89D1FC72151241E600F78EB0 /* pro_string_expr.c */; };
		89CE9C81151D76B400CE5511 /* pro_case_expr.c in Sources */ = {isa = PBXBuildFile; fileRef = 89D1FCBE151249CA00F78EB0 /* pro_case_expr.c */; };
		89CE9C82151D76B400CE5511 /* pro_message_expr.c in Sources */ = {isa = PBXBuildFile; fileRef = 89E7FD48151B839F009472C2 /* pro_message_expr.c */; };
		89CE9C83151D76B400CE5511 /* pro_constructor_expr.c in Sources */ = {isa = PBXBuildFile; fileRef = 89E7FD4A151B865C009472C2 /* pro_constructor_expr.c */; };
		89CE9C84151D76B400CE5511 /* pro_actor_expr.c in Sources */ = {isa = PBXBuildFile; fileRef = 89E7FD4E151B8915009472C2 /* pro_actor_expr.c */; };
		89CE9C87151E1BCD00CE5511 /* test-expressions.c in Sources */ = {isa = PBXBuildFile; fileRef = 89CE9C85151E1A6800CE5511 /* test-expressions.c */; };
		89CE9C8A151E1DBC00CE5511 /* test-pro_identifier_expr.c in Sources */ = {isa = PBXBuildFile; fileRef = 89CE9C88151E1DA500CE5511 /* test-pro_identifier_expr.c */; };
		89CE9C8D151E229200CE5511 /* test-pro_string_expr.c in Sources */ = {isa = PBXBuildFile; fileRef = 89CE9C8B151E226300CE5511 /* test-pro_string_expr.c */; };
		89CE9C90151E238B00CE5511 /* test-pro_number_expr.c in Sources */ = {isa = PBXBuildFile; fileRef = 89CE9C8E151E233E00CE5511 /* test-pro_number_expr.c */; };
		89EDA0CA15212CD4004EE3FC /* test-pro_send_expr.c in Sources */ = {isa = PBXBuildFile; fileRef = 89EDA0C815212CD4004EE3FC /* test-pro_send_expr.c */; };
		89EDA0CD1521326F004EE3FC /* test-pro_become_expr.c in Sources */ = {isa = PBXBuildFile; fileRef = 89EDA0CB1521326F004EE3FC /* test-pro_become_expr.c */; };
/* End PBXBuildFile section */

/* Begin PBXBuildRule section */
		89A2893E1544EF89006FE304 /* PBXBuildRule */ = {
			isa = PBXBuildRule;
			compilerSpec = com.apple.compilers.proxy.script;
			fileType = sourcecode.lex;
			isEditable = 1;
			outputFiles = (
				"${DERIVED_FILES_DIR}/lex.yy.c",
			);
			script = "cd $DERIVED_FILES_DIR\n${DEVELOPER_BIN_DIR}/flex -dv ${INPUT_FILE_PATH}";
		};
		89A2893F1544EF8E006FE304 /* PBXBuildRule */ = {
			isa = PBXBuildRule;
			compilerSpec = com.apple.compilers.proxy.script;
			fileType = sourcecode.yacc;
			isEditable = 1;
			outputFiles = (
				"${DERIVED_FILES_DIR}/gram.tab.h",
				"${DERIVED_FILES_DIR}/gram.tab.c",
			);
			script = "cd $DERIVED_FILES_DIR\n${DEVELOPER_BIN_DIR}/bison --debug -d ${INPUT_FILE_PATH}\n";
		};
/* End PBXBuildRule section */

/* Begin PBXContainerItemProxy section */
		8944F787154783350054A366 /* PBXContainerItemProxy */ = {
			isa = PBXContainerItemProxy;
			containerPortal = 8944F782154783340054A366 /* prosopon-core.xcodeproj */;
			proxyType = 2;
			remoteGlobalIDString = 890024E81511A3430012E749;
			remoteInfo = prosopon;
		};
		8944F789154783350054A366 /* PBXContainerItemProxy */ = {
			isa = PBXContainerItemProxy;
			containerPortal = 8944F782154783340054A366 /* prosopon-core.xcodeproj */;
			proxyType = 2;
			remoteGlobalIDString = 89F1111B151CC40100317A20;
			remoteInfo = "prosopon-tests";
		};
		8944F791154785010054A366 /* PBXContainerItemProxy */ = {
			isa = PBXContainerItemProxy;
			containerPortal = 8944F782154783340054A366 /* prosopon-core.xcodeproj */;
			proxyType = 1;
			remoteGlobalIDString = 890024E71511A3430012E749;
			remoteInfo = prosopon;
		};
		8944F7A11547857E0054A366 /* PBXContainerItemProxy */ = {
			isa = PBXContainerItemProxy;
			containerPortal = 8944F782154783340054A366 /* prosopon-core.xcodeproj */;
			proxyType = 1;
			remoteGlobalIDString = 890024E71511A3430012E749;
			remoteInfo = prosopon;
		};
		89A2893C1544EF73006FE304 /* PBXContainerItemProxy */ = {
			isa = PBXContainerItemProxy;
			containerPortal = 89AFC3851538B9710083E8E8 /* prosopon-stdlib.xcodeproj */;
			proxyType = 1;
			remoteGlobalIDString = 8900248B1511A2300012E749;
			remoteInfo = "prosopon-stdlib";
		};
		89AF57F51538BA17008D8426 /* PBXContainerItemProxy */ = {
			isa = PBXContainerItemProxy;
			containerPortal = 89AFC3851538B9710083E8E8 /* prosopon-stdlib.xcodeproj */;
			proxyType = 2;
			remoteGlobalIDString = 8900248C1511A2300012E749;
			remoteInfo = "prosopon-stdlib";
		};
		89AF57FB1538BA37008D8426 /* PBXContainerItemProxy */ = {
			isa = PBXContainerItemProxy;
			containerPortal = 89AFC3851538B9710083E8E8 /* prosopon-stdlib.xcodeproj */;
			proxyType = 1;
			remoteGlobalIDString = 8900248B1511A2300012E749;
			remoteInfo = "prosopon-stdlib";
		};
/* End PBXContainerItemProxy section */

/* Begin PBXCopyFilesBuildPhase section */
		89CE9C5D151D751800CE5511 /* CopyFiles */ = {
			isa = PBXCopyFilesBuildPhase;
			buildActionMask = 2147483647;
			dstPath = /usr/share/man/man1/;
			dstSubfolderSpec = 0;
			files = (
			);
			runOnlyForDeploymentPostprocessing = 1;
		};
/* End PBXCopyFilesBuildPhase section */

/* Begin PBXFileReference section */
		8931DD81153203D700B974C7 /* pro_capture_identifier_expr.c */ = {isa = PBXFileReference; fileEncoding = 4; lastKnownFileType = sourcecode.c.c; path = pro_capture_identifier_expr.c; sourceTree = "<group>"; };
		8931DD82153203D700B974C7 /* pro_capture_identifier_expr.h */ = {isa = PBXFileReference; fileEncoding = 4; lastKnownFileType = sourcecode.c.h; path = pro_capture_identifier_expr.h; sourceTree = "<group>"; };
		8944F782154783340054A366 /* prosopon-core.xcodeproj */ = {isa = PBXFileReference; lastKnownFileType = "wrapper.pb-project"; name = "prosopon-core.xcodeproj"; path = "../prosopon-core/prosopon-core.xcodeproj"; sourceTree = "<group>"; };
		89A2892015448D06006FE304 /* prosopon_interpreter_config.h */ = {isa = PBXFileReference; fileEncoding = 4; lastKnownFileType = sourcecode.c.h; path = prosopon_interpreter_config.h; sourceTree = "<group>"; };
		89A289341544EF55006FE304 /* libprosopon-interpreter.dylib */ = {isa = PBXFileReference; explicitFileType = "compiled.mach-o.dylib"; includeInIndex = 0; path = "libprosopon-interpreter.dylib"; sourceTree = BUILT_PRODUCTS_DIR; };
		89A289561544F15E006FE304 /* pro_interpreter_state.h */ = {isa = PBXFileReference; fileEncoding = 4; lastKnownFileType = sourcecode.c.h; path = pro_interpreter_state.h; sourceTree = "<group>"; };
		89A289581544F309006FE304 /* pro_interpreter_state.c */ = {isa = PBXFileReference; fileEncoding = 4; lastKnownFileType = sourcecode.c.c; path = pro_interpreter_state.c; sourceTree = "<group>"; };
		89A2897115450BDE006FE304 /* pro_expr_type.c */ = {isa = PBXFileReference; fileEncoding = 4; lastKnownFileType = sourcecode.c.c; path = pro_expr_type.c; sourceTree = "<group>"; };
		89A2897315450BF0006FE304 /* pro_expr_type.h */ = {isa = PBXFileReference; fileEncoding = 4; lastKnownFileType = sourcecode.c.h; path = pro_expr_type.h; sourceTree = "<group>"; };
		89ABF6B4151C24E100DE1A07 /* pro_list_expr.c */ = {isa = PBXFileReference; fileEncoding = 4; lastKnownFileType = sourcecode.c.c; lineEnding = 0; path = pro_list_expr.c; sourceTree = "<group>"; xcLanguageSpecificationIdentifier = xcode.lang.c; };
		89ABF6B5151C24E100DE1A07 /* pro_list_expr.h */ = {isa = PBXFileReference; fileEncoding = 4; lastKnownFileType = sourcecode.c.h; path = pro_list_expr.h; sourceTree = "<group>"; };
		89AFC37F1538ABEC0083E8E8 /* prosopon_interpreter.h */ = {isa = PBXFileReference; fileEncoding = 4; lastKnownFileType = sourcecode.c.h; path = prosopon_interpreter.h; sourceTree = "<group>"; };
		89AFC3851538B9710083E8E8 /* prosopon-stdlib.xcodeproj */ = {isa = PBXFileReference; lastKnownFileType = "wrapper.pb-project"; name = "prosopon-stdlib.xcodeproj"; path = "../prosopon-stdlib/prosopon-stdlib.xcodeproj"; sourceTree = "<group>"; };
		89CE9C51151D747200CE5511 /* test.c */ = {isa = PBXFileReference; fileEncoding = 4; lastKnownFileType = sourcecode.c.c; path = test.c; sourceTree = "<group>"; };
		89CE9C57151D74B100CE5511 /* test-expressions.h */ = {isa = PBXFileReference; fileEncoding = 4; lastKnownFileType = sourcecode.c.h; path = "test-expressions.h"; sourceTree = "<group>"; };
		89CE9C59151D74F900CE5511 /* test-pro_let_expr.c */ = {isa = PBXFileReference; fileEncoding = 4; lastKnownFileType = sourcecode.c.c; path = "test-pro_let_expr.c"; sourceTree = "<group>"; };
		89CE9C5F151D751800CE5511 /* test */ = {isa = PBXFileReference; explicitFileType = "compiled.mach-o.executable"; includeInIndex = 0; path = test; sourceTree = BUILT_PRODUCTS_DIR; };
		89CE9C6B151D75B600CE5511 /* libcunit.1.dylib */ = {isa = PBXFileReference; lastKnownFileType = "compiled.mach-o.dylib"; name = libcunit.1.dylib; path = ../../../../../usr/local/lib/libcunit.1.dylib; sourceTree = "<group>"; };
		89CE9C74151D767B00CE5511 /* Makefile */ = {isa = PBXFileReference; fileEncoding = 4; lastKnownFileType = sourcecode.make; path = Makefile; sourceTree = "<group>"; };
		89CE9C85151E1A6800CE5511 /* test-expressions.c */ = {isa = PBXFileReference; fileEncoding = 4; lastKnownFileType = sourcecode.c.c; path = "test-expressions.c"; sourceTree = "<group>"; };
		89CE9C88151E1DA500CE5511 /* test-pro_identifier_expr.c */ = {isa = PBXFileReference; fileEncoding = 4; lastKnownFileType = sourcecode.c.c; path = "test-pro_identifier_expr.c"; sourceTree = "<group>"; };
		89CE9C8B151E226300CE5511 /* test-pro_string_expr.c */ = {isa = PBXFileReference; fileEncoding = 4; lastKnownFileType = sourcecode.c.c; path = "test-pro_string_expr.c"; sourceTree = "<group>"; };
		89CE9C8E151E233E00CE5511 /* test-pro_number_expr.c */ = {isa = PBXFileReference; fileEncoding = 4; lastKnownFileType = sourcecode.c.c; path = "test-pro_number_expr.c"; sourceTree = "<group>"; };
		89D1FC59151241E600F78EB0 /* gram.y */ = {isa = PBXFileReference; fileEncoding = 4; lastKnownFileType = sourcecode.yacc; path = gram.y; sourceTree = "<group>"; };
		89D1FC5B151241E600F78EB0 /* pro_become_expr.c */ = {isa = PBXFileReference; fileEncoding = 4; lastKnownFileType = sourcecode.c.c; lineEnding = 0; path = pro_become_expr.c; sourceTree = "<group>"; xcLanguageSpecificationIdentifier = xcode.lang.c; };
		89D1FC5C151241E600F78EB0 /* pro_become_expr.h */ = {isa = PBXFileReference; fileEncoding = 4; lastKnownFileType = sourcecode.c.h; path = pro_become_expr.h; sourceTree = "<group>"; };
		89D1FC5D151241E600F78EB0 /* pro_expr_list.c */ = {isa = PBXFileReference; fileEncoding = 4; lastKnownFileType = sourcecode.c.c; path = pro_expr_list.c; sourceTree = "<group>"; };
		89D1FC5E151241E600F78EB0 /* pro_expr_list.h */ = {isa = PBXFileReference; fileEncoding = 4; lastKnownFileType = sourcecode.c.h; path = pro_expr_list.h; sourceTree = "<group>"; };
		89D1FC61151241E600F78EB0 /* pro_expressions.h */ = {isa = PBXFileReference; fileEncoding = 4; lastKnownFileType = sourcecode.c.h; path = pro_expressions.h; sourceTree = "<group>"; };
		89D1FC62151241E600F78EB0 /* pro_identifier_expr.c */ = {isa = PBXFileReference; fileEncoding = 4; lastKnownFileType = sourcecode.c.c; lineEnding = 0; path = pro_identifier_expr.c; sourceTree = "<group>"; xcLanguageSpecificationIdentifier = xcode.lang.c; };
		89D1FC63151241E600F78EB0 /* pro_identifier_expr.h */ = {isa = PBXFileReference; fileEncoding = 4; lastKnownFileType = sourcecode.c.h; path = pro_identifier_expr.h; sourceTree = "<group>"; };
		89D1FC64151241E600F78EB0 /* pro_let_expr.c */ = {isa = PBXFileReference; fileEncoding = 4; lastKnownFileType = sourcecode.c.c; lineEnding = 0; path = pro_let_expr.c; sourceTree = "<group>"; xcLanguageSpecificationIdentifier = xcode.lang.c; };
		89D1FC65151241E600F78EB0 /* pro_let_expr.h */ = {isa = PBXFileReference; fileEncoding = 4; lastKnownFileType = sourcecode.c.h; path = pro_let_expr.h; sourceTree = "<group>"; };
		89D1FC68151241E600F78EB0 /* pro_number_expr.c */ = {isa = PBXFileReference; fileEncoding = 4; lastKnownFileType = sourcecode.c.c; lineEnding = 0; path = pro_number_expr.c; sourceTree = "<group>"; xcLanguageSpecificationIdentifier = xcode.lang.c; };
		89D1FC69151241E600F78EB0 /* pro_number_expr.h */ = {isa = PBXFileReference; fileEncoding = 4; lastKnownFileType = sourcecode.c.h; path = pro_number_expr.h; sourceTree = "<group>"; };
		89D1FC6C151241E600F78EB0 /* pro_send_expr.c */ = {isa = PBXFileReference; fileEncoding = 4; lastKnownFileType = sourcecode.c.c; lineEnding = 0; path = pro_send_expr.c; sourceTree = "<group>"; xcLanguageSpecificationIdentifier = xcode.lang.c; };
		89D1FC6D151241E600F78EB0 /* pro_send_expr.h */ = {isa = PBXFileReference; fileEncoding = 4; lastKnownFileType = sourcecode.c.h; path = pro_send_expr.h; sourceTree = "<group>"; };
		89D1FC72151241E600F78EB0 /* pro_string_expr.c */ = {isa = PBXFileReference; fileEncoding = 4; lastKnownFileType = sourcecode.c.c; lineEnding = 0; path = pro_string_expr.c; sourceTree = "<group>"; xcLanguageSpecificationIdentifier = xcode.lang.c; };
		89D1FC73151241E600F78EB0 /* pro_string_expr.h */ = {isa = PBXFileReference; fileEncoding = 4; lastKnownFileType = sourcecode.c.h; path = pro_string_expr.h; sourceTree = "<group>"; };
		89D1FC78151241E600F78EB0 /* scan.l */ = {isa = PBXFileReference; fileEncoding = 4; lastKnownFileType = sourcecode.lex; path = scan.l; sourceTree = "<group>"; };
		89D1FCB81512457A00F78EB0 /* pro_expr.c */ = {isa = PBXFileReference; fileEncoding = 4; lastKnownFileType = sourcecode.c.c; lineEnding = 0; path = pro_expr.c; sourceTree = "<group>"; xcLanguageSpecificationIdentifier = xcode.lang.c; };
		89D1FCB91512457A00F78EB0 /* pro_expr.h */ = {isa = PBXFileReference; fileEncoding = 4; lastKnownFileType = sourcecode.c.h; path = pro_expr.h; sourceTree = "<group>"; };
		89D1FCBC151249C000F78EB0 /* pro_case_expr.h */ = {isa = PBXFileReference; fileEncoding = 4; lastKnownFileType = sourcecode.c.h; path = pro_case_expr.h; sourceTree = "<group>"; };
		89D1FCBE151249CA00F78EB0 /* pro_case_expr.c */ = {isa = PBXFileReference; fileEncoding = 4; lastKnownFileType = sourcecode.c.c; lineEnding = 0; path = pro_case_expr.c; sourceTree = "<group>"; xcLanguageSpecificationIdentifier = xcode.lang.c; };
		89D1FCC11512559100F78EB0 /* pro_constructor_expr.h */ = {isa = PBXFileReference; fileEncoding = 4; lastKnownFileType = sourcecode.c.h; path = pro_constructor_expr.h; sourceTree = "<group>"; };
		89E7FD46151B837F009472C2 /* pro_message_expr.h */ = {isa = PBXFileReference; fileEncoding = 4; lastKnownFileType = sourcecode.c.h; path = pro_message_expr.h; sourceTree = "<group>"; };
		89E7FD48151B839F009472C2 /* pro_message_expr.c */ = {isa = PBXFileReference; fileEncoding = 4; lastKnownFileType = sourcecode.c.c; lineEnding = 0; path = pro_message_expr.c; sourceTree = "<group>"; xcLanguageSpecificationIdentifier = xcode.lang.c; };
		89E7FD4A151B865C009472C2 /* pro_constructor_expr.c */ = {isa = PBXFileReference; fileEncoding = 4; lastKnownFileType = sourcecode.c.c; path = pro_constructor_expr.c; sourceTree = "<group>"; };
		89E7FD4C151B88FD009472C2 /* pro_actor_expr.h */ = {isa = PBXFileReference; fileEncoding = 4; lastKnownFileType = sourcecode.c.h; path = pro_actor_expr.h; sourceTree = "<group>"; };
		89E7FD4E151B8915009472C2 /* pro_actor_expr.c */ = {isa = PBXFileReference; fileEncoding = 4; lastKnownFileType = sourcecode.c.c; lineEnding = 0; path = pro_actor_expr.c; sourceTree = "<group>"; xcLanguageSpecificationIdentifier = xcode.lang.c; };
		89EDA0C815212CD4004EE3FC /* test-pro_send_expr.c */ = {isa = PBXFileReference; fileEncoding = 4; lastKnownFileType = sourcecode.c.c; path = "test-pro_send_expr.c"; sourceTree = "<group>"; };
		89EDA0CB1521326F004EE3FC /* test-pro_become_expr.c */ = {isa = PBXFileReference; fileEncoding = 4; lastKnownFileType = sourcecode.c.c; path = "test-pro_become_expr.c"; sourceTree = "<group>"; };
/* End PBXFileReference section */

/* Begin PBXFrameworksBuildPhase section */
		89A289311544EF55006FE304 /* Frameworks */ = {
			isa = PBXFrameworksBuildPhase;
			buildActionMask = 2147483647;
			files = (
				8944F7A3154785810054A366 /* libprosopon-core.dylib in Frameworks */,
				89A289511544F024006FE304 /* libprosopon-stdlib.dylib in Frameworks */,
			);
			runOnlyForDeploymentPostprocessing = 0;
		};
		89CE9C5C151D751800CE5511 /* Frameworks */ = {
			isa = PBXFrameworksBuildPhase;
			buildActionMask = 2147483647;
			files = (
				8944F793154785090054A366 /* libprosopon-core.dylib in Frameworks */,
				89AF58071539107F008D8426 /* libprosopon-stdlib.dylib in Frameworks */,
				89CE9C6C151D75B600CE5511 /* libcunit.1.dylib in Frameworks */,
			);
			runOnlyForDeploymentPostprocessing = 0;
		};
/* End PBXFrameworksBuildPhase section */

/* Begin PBXGroup section */
		890024FF1512409A0012E749 = {
			isa = PBXGroup;
			children = (
				8944F782154783340054A366 /* prosopon-core.xcodeproj */,
				89AFC3851538B9710083E8E8 /* prosopon-stdlib.xcodeproj */,
				89CE9C74151D767B00CE5511 /* Makefile */,
				89CE9C6B151D75B600CE5511 /* libcunit.1.dylib */,
				89AFC37E1538ABD30083E8E8 /* include */,
				89D1FC58151241E600F78EB0 /* src */,
				89CE9C4C151D747200CE5511 /* test */,
				8900250B1512409A0012E749 /* Products */,
			);
			sourceTree = "<group>";
		};
		8900250B1512409A0012E749 /* Products */ = {
			isa = PBXGroup;
			children = (
				89CE9C5F151D751800CE5511 /* test */,
				89A289341544EF55006FE304 /* libprosopon-interpreter.dylib */,
			);
			name = Products;
			sourceTree = "<group>";
		};
		8944F783154783340054A366 /* Products */ = {
			isa = PBXGroup;
			children = (
				8944F788154783350054A366 /* libprosopon-core.dylib */,
				8944F78A154783350054A366 /* test */,
			);
			name = Products;
			sourceTree = "<group>";
		};
		89AF57F21538BA17008D8426 /* Products */ = {
			isa = PBXGroup;
			children = (
				89AF57F61538BA17008D8426 /* libprosopon-stdlib.dylib */,
			);
			name = Products;
			sourceTree = "<group>";
		};
		89AFC37E1538ABD30083E8E8 /* include */ = {
			isa = PBXGroup;
			children = (
				89AFC37F1538ABEC0083E8E8 /* prosopon_interpreter.h */,
				89A2892015448D06006FE304 /* prosopon_interpreter_config.h */,
			);
			path = include;
			sourceTree = "<group>";
		};
		89CE9C4C151D747200CE5511 /* test */ = {
			isa = PBXGroup;
			children = (
				89CE9C51151D747200CE5511 /* test.c */,
				89CE9C57151D74B100CE5511 /* test-expressions.h */,
				89CE9C85151E1A6800CE5511 /* test-expressions.c */,
				89CE9C88151E1DA500CE5511 /* test-pro_identifier_expr.c */,
				89CE9C8B151E226300CE5511 /* test-pro_string_expr.c */,
				89CE9C8E151E233E00CE5511 /* test-pro_number_expr.c */,
				89CE9C59151D74F900CE5511 /* test-pro_let_expr.c */,
				89EDA0C815212CD4004EE3FC /* test-pro_send_expr.c */,
				89EDA0CB1521326F004EE3FC /* test-pro_become_expr.c */,
			);
			path = test;
			sourceTree = "<group>";
		};
		89D1FC58151241E600F78EB0 /* src */ = {
			isa = PBXGroup;
			children = (
				89A289561544F15E006FE304 /* pro_interpreter_state.h */,
				89A289581544F309006FE304 /* pro_interpreter_state.c */,
				89D1FCB91512457A00F78EB0 /* pro_expr.h */,
				89D1FCB81512457A00F78EB0 /* pro_expr.c */,
				89D1FC78151241E600F78EB0 /* scan.l */,
				89D1FC59151241E600F78EB0 /* gram.y */,
				89D1FC61151241E600F78EB0 /* pro_expressions.h */,
				89D1FC5C151241E600F78EB0 /* pro_become_expr.h */,
				89D1FC5B151241E600F78EB0 /* pro_become_expr.c */,
				89D1FC5E151241E600F78EB0 /* pro_expr_list.h */,
				89D1FC5D151241E600F78EB0 /* pro_expr_list.c */,
				89ABF6B5151C24E100DE1A07 /* pro_list_expr.h */,
				89ABF6B4151C24E100DE1A07 /* pro_list_expr.c */,
				8931DD82153203D700B974C7 /* pro_capture_identifier_expr.h */,
				8931DD81153203D700B974C7 /* pro_capture_identifier_expr.c */,
				89D1FC63151241E600F78EB0 /* pro_identifier_expr.h */,
				89D1FC62151241E600F78EB0 /* pro_identifier_expr.c */,
				89D1FC65151241E600F78EB0 /* pro_let_expr.h */,
				89D1FC64151241E600F78EB0 /* pro_let_expr.c */,
				89D1FC69151241E600F78EB0 /* pro_number_expr.h */,
				89D1FC68151241E600F78EB0 /* pro_number_expr.c */,
				89D1FC6D151241E600F78EB0 /* pro_send_expr.h */,
				89D1FC6C151241E600F78EB0 /* pro_send_expr.c */,
				89D1FC73151241E600F78EB0 /* pro_string_expr.h */,
				89D1FC72151241E600F78EB0 /* pro_string_expr.c */,
				89D1FCBC151249C000F78EB0 /* pro_case_expr.h */,
				89D1FCBE151249CA00F78EB0 /* pro_case_expr.c */,
				89E7FD46151B837F009472C2 /* pro_message_expr.h */,
				89E7FD48151B839F009472C2 /* pro_message_expr.c */,
				89D1FCC11512559100F78EB0 /* pro_constructor_expr.h */,
				89E7FD4A151B865C009472C2 /* pro_constructor_expr.c */,
				89E7FD4C151B88FD009472C2 /* pro_actor_expr.h */,
				89E7FD4E151B8915009472C2 /* pro_actor_expr.c */,
				89A2897315450BF0006FE304 /* pro_expr_type.h */,
				89A2897115450BDE006FE304 /* pro_expr_type.c */,
			);
			path = src;
			sourceTree = "<group>";
		};
/* End PBXGroup section */

/* Begin PBXHeadersBuildPhase section */
		89A289321544EF55006FE304 /* Headers */ = {
			isa = PBXHeadersBuildPhase;
			buildActionMask = 2147483647;
			files = (
				89A289521544F043006FE304 /* prosopon_interpreter.h in Headers */,
				89A289531544F043006FE304 /* prosopon_interpreter_config.h in Headers */,
				89A289571544F15F006FE304 /* pro_interpreter_state.h in Headers */,
				89A2897415450BF0006FE304 /* pro_expr_type.h in Headers */,
			);
			runOnlyForDeploymentPostprocessing = 0;
		};
/* End PBXHeadersBuildPhase section */

/* Begin PBXNativeTarget section */
		89A289331544EF55006FE304 /* prosopon-interpreter */ = {
			isa = PBXNativeTarget;
			buildConfigurationList = 89A289351544EF55006FE304 /* Build configuration list for PBXNativeTarget "prosopon-interpreter" */;
			buildPhases = (
				89A289301544EF55006FE304 /* Sources */,
				89A289311544EF55006FE304 /* Frameworks */,
				89A289321544EF55006FE304 /* Headers */,
			);
			buildRules = (
				89A2893F1544EF8E006FE304 /* PBXBuildRule */,
				89A2893E1544EF89006FE304 /* PBXBuildRule */,
			);
			dependencies = (
				8944F7A21547857E0054A366 /* PBXTargetDependency */,
				89A2893D1544EF73006FE304 /* PBXTargetDependency */,
			);
			name = "prosopon-interpreter";
			productName = "prosopon-interpreter";
			productReference = 89A289341544EF55006FE304 /* libprosopon-interpreter.dylib */;
			productType = "com.apple.product-type.library.dynamic";
		};
		89CE9C5E151D751800CE5511 /* prosopon-interpreter-tests */ = {
			isa = PBXNativeTarget;
			buildConfigurationList = 89CE9C66151D751900CE5511 /* Build configuration list for PBXNativeTarget "prosopon-interpreter-tests" */;
			buildPhases = (
				89CE9C5B151D751800CE5511 /* Sources */,
				89CE9C5C151D751800CE5511 /* Frameworks */,
				89CE9C5D151D751800CE5511 /* CopyFiles */,
			);
			buildRules = (
			);
			dependencies = (
				8944F792154785010054A366 /* PBXTargetDependency */,
				89AF57FC1538BA37008D8426 /* PBXTargetDependency */,
			);
			name = "prosopon-interpreter-tests";
			productName = test;
			productReference = 89CE9C5F151D751800CE5511 /* test */;
			productType = "com.apple.product-type.tool";
		};
/* End PBXNativeTarget section */

/* Begin PBXProject section */
		890025011512409A0012E749 /* Project object */ = {
			isa = PBXProject;
			attributes = {
				LastUpgradeCheck = 0420;
			};
			buildConfigurationList = 890025041512409A0012E749 /* Build configuration list for PBXProject "prosopon-interpreter" */;
			compatibilityVersion = "Xcode 3.2";
			developmentRegion = English;
			hasScannedForEncodings = 0;
			knownRegions = (
				en,
			);
			mainGroup = 890024FF1512409A0012E749;
			productRefGroup = 8900250B1512409A0012E749 /* Products */;
			projectDirPath = "";
			projectReferences = (
				{
					ProductGroup = 8944F783154783340054A366 /* Products */;
					ProjectRef = 8944F782154783340054A366 /* prosopon-core.xcodeproj */;
				},
				{
					ProductGroup = 89AF57F21538BA17008D8426 /* Products */;
					ProjectRef = 89AFC3851538B9710083E8E8 /* prosopon-stdlib.xcodeproj */;
				},
			);
			projectRoot = "";
			targets = (
				89A289331544EF55006FE304 /* prosopon-interpreter */,
				89CE9C5E151D751800CE5511 /* prosopon-interpreter-tests */,
			);
		};
/* End PBXProject section */

/* Begin PBXReferenceProxy section */
		8944F788154783350054A366 /* libprosopon-core.dylib */ = {
			isa = PBXReferenceProxy;
			fileType = "compiled.mach-o.dylib";
			path = "libprosopon-core.dylib";
			remoteRef = 8944F787154783350054A366 /* PBXContainerItemProxy */;
			sourceTree = BUILT_PRODUCTS_DIR;
		};
		8944F78A154783350054A366 /* test */ = {
			isa = PBXReferenceProxy;
			fileType = "compiled.mach-o.executable";
			path = test;
			remoteRef = 8944F789154783350054A366 /* PBXContainerItemProxy */;
			sourceTree = BUILT_PRODUCTS_DIR;
		};
		89AF57F61538BA17008D8426 /* libprosopon-stdlib.dylib */ = {
			isa = PBXReferenceProxy;
			fileType = "compiled.mach-o.dylib";
			path = "libprosopon-stdlib.dylib";
			remoteRef = 89AF57F51538BA17008D8426 /* PBXContainerItemProxy */;
			sourceTree = BUILT_PRODUCTS_DIR;
		};
/* End PBXReferenceProxy section */

/* Begin PBXSourcesBuildPhase section */
		89A289301544EF55006FE304 /* Sources */ = {
			isa = PBXSourcesBuildPhase;
			buildActionMask = 2147483647;
			files = (
				89A289541544F073006FE304 /* scan.l in Sources */,
				89A289551544F073006FE304 /* gram.y in Sources */,
				89A289411544EFEB006FE304 /* pro_expr.c in Sources */,
				89A289431544EFEB006FE304 /* pro_become_expr.c in Sources */,
				89A289441544EFEB006FE304 /* pro_expr_list.c in Sources */,
				89A289451544EFEB006FE304 /* pro_list_expr.c in Sources */,
				89A289461544EFEB006FE304 /* pro_capture_identifier_expr.c in Sources */,
				89A289471544EFEB006FE304 /* pro_identifier_expr.c in Sources */,
				89A289481544EFEB006FE304 /* pro_let_expr.c in Sources */,
				89A289491544EFEB006FE304 /* pro_number_expr.c in Sources */,
				89A2894A1544EFEB006FE304 /* pro_send_expr.c in Sources */,
				89A2894B1544EFEB006FE304 /* pro_string_expr.c in Sources */,
				89A2894C1544EFEB006FE304 /* pro_case_expr.c in Sources */,
				89A2894D1544EFEB006FE304 /* pro_message_expr.c in Sources */,
				89A2894E1544EFEB006FE304 /* pro_constructor_expr.c in Sources */,
				89A2894F1544EFEB006FE304 /* pro_actor_expr.c in Sources */,
				89A289591544F30A006FE304 /* pro_interpreter_state.c in Sources */,
				89A2897215450BDE006FE304 /* pro_expr_type.c in Sources */,
			);
			runOnlyForDeploymentPostprocessing = 0;
		};
		89CE9C5B151D751800CE5511 /* Sources */ = {
			isa = PBXSourcesBuildPhase;
			buildActionMask = 2147483647;
			files = (
				89CE9C77151D76B400CE5511 /* pro_expr.c in Sources */,
				89CE9C78151D76B400CE5511 /* pro_become_expr.c in Sources */,
				89CE9C79151D76B400CE5511 /* pro_expr_list.c in Sources */,
				89CE9C7A151D76B400CE5511 /* pro_list_expr.c in Sources */,
				89CE9C7C151D76B400CE5511 /* pro_identifier_expr.c in Sources */,
				89CE9C7D151D76B400CE5511 /* pro_let_expr.c in Sources */,
				89CE9C7E151D76B400CE5511 /* pro_number_expr.c in Sources */,
				89CE9C7F151D76B400CE5511 /* pro_send_expr.c in Sources */,
				89CE9C80151D76B400CE5511 /* pro_string_expr.c in Sources */,
				89CE9C81151D76B400CE5511 /* pro_case_expr.c in Sources */,
				89CE9C82151D76B400CE5511 /* pro_message_expr.c in Sources */,
				89CE9C83151D76B400CE5511 /* pro_constructor_expr.c in Sources */,
				89CE9C84151D76B400CE5511 /* pro_actor_expr.c in Sources */,
				89CE9C69151D753800CE5511 /* test.c in Sources */,
				89CE9C6D151D75E000CE5511 /* test-pro_let_expr.c in Sources */,
				89CE9C87151E1BCD00CE5511 /* test-expressions.c in Sources */,
				89CE9C8A151E1DBC00CE5511 /* test-pro_identifier_expr.c in Sources */,
				89CE9C8D151E229200CE5511 /* test-pro_string_expr.c in Sources */,
				89CE9C90151E238B00CE5511 /* test-pro_number_expr.c in Sources */,
				89EDA0CA15212CD4004EE3FC /* test-pro_send_expr.c in Sources */,
				89EDA0CD1521326F004EE3FC /* test-pro_become_expr.c in Sources */,
				8931DD84153203D800B974C7 /* pro_capture_identifier_expr.c in Sources */,
			);
			runOnlyForDeploymentPostprocessing = 0;
		};
/* End PBXSourcesBuildPhase section */

/* Begin PBXTargetDependency section */
		8944F792154785010054A366 /* PBXTargetDependency */ = {
			isa = PBXTargetDependency;
			name = prosopon;
			targetProxy = 8944F791154785010054A366 /* PBXContainerItemProxy */;
		};
		8944F7A21547857E0054A366 /* PBXTargetDependency */ = {
			isa = PBXTargetDependency;
			name = prosopon;
			targetProxy = 8944F7A11547857E0054A366 /* PBXContainerItemProxy */;
		};
		89A2893D1544EF73006FE304 /* PBXTargetDependency */ = {
			isa = PBXTargetDependency;
			name = "prosopon-stdlib";
			targetProxy = 89A2893C1544EF73006FE304 /* PBXContainerItemProxy */;
		};
		89AF57FC1538BA37008D8426 /* PBXTargetDependency */ = {
			isa = PBXTargetDependency;
			name = "prosopon-stdlib";
			targetProxy = 89AF57FB1538BA37008D8426 /* PBXContainerItemProxy */;
		};
/* End PBXTargetDependency section */

/* Begin XCBuildConfiguration section */
		8900250C1512409A0012E749 /* Debug */ = {
			isa = XCBuildConfiguration;
			buildSettings = {
				ALWAYS_SEARCH_USER_PATHS = YES;
				ARCHS = "$(ARCHS_STANDARD_64_BIT)";
				COPY_PHASE_STRIP = NO;
				DEBUG_INFORMATION_FORMAT = dwarf;
				GCC_C_LANGUAGE_STANDARD = gnu99;
				GCC_DYNAMIC_NO_PIC = NO;
				GCC_ENABLE_OBJC_EXCEPTIONS = YES;
				GCC_OPTIMIZATION_LEVEL = 0;
				GCC_PREPROCESSOR_DEFINITIONS = (
					"DEBUG=1",
					"$(inherited)",
				);
				GCC_SYMBOLS_PRIVATE_EXTERN = NO;
				GCC_VERSION = com.apple.compilers.llvm.clang.1_0;
				GCC_WARN_64_TO_32_BIT_CONVERSION = YES;
				GCC_WARN_ABOUT_MISSING_PROTOTYPES = YES;
				GCC_WARN_ABOUT_RETURN_TYPE = YES;
				GCC_WARN_CHECK_SWITCH_STATEMENTS = NO;
				GCC_WARN_UNUSED_VARIABLE = YES;
				HEADER_SEARCH_PATHS = (
					"include/**",
					"$(PROSOPON_BUILD_ROOT)/**",
				);
				MACOSX_DEPLOYMENT_TARGET = 10.7;
				ONLY_ACTIVE_ARCH = YES;
				PROSOPON_BUILD_DIR = "$(PROSOPON_ROOT_DIR)/build";
				PROSOPON_BUILD_ROOT = "$(PROSOPON_ROOT_DIR)/build";
				PROSOPON_ROOT_DIR = ..;
				SDKROOT = macosx;
				SYMROOT = "$(PROSOPON_BUILD_ROOT)";
				USER_HEADER_SEARCH_PATHS = "$(BUILT_PRODUCTS_DIR)/**";
			};
			name = Debug;
		};
		8900250D1512409A0012E749 /* Release */ = {
			isa = XCBuildConfiguration;
			buildSettings = {
				ALWAYS_SEARCH_USER_PATHS = YES;
				ARCHS = "$(ARCHS_STANDARD_64_BIT)";
				COPY_PHASE_STRIP = YES;
				DEBUG_INFORMATION_FORMAT = dwarf;
				GCC_C_LANGUAGE_STANDARD = gnu99;
				GCC_ENABLE_OBJC_EXCEPTIONS = YES;
				GCC_VERSION = com.apple.compilers.llvm.clang.1_0;
				GCC_WARN_64_TO_32_BIT_CONVERSION = YES;
				GCC_WARN_ABOUT_MISSING_PROTOTYPES = YES;
				GCC_WARN_ABOUT_RETURN_TYPE = YES;
				GCC_WARN_CHECK_SWITCH_STATEMENTS = NO;
				GCC_WARN_UNUSED_VARIABLE = YES;
				HEADER_SEARCH_PATHS = (
					"include/**",
					"$(PROSOPON_BUILD_ROOT)/**",
				);
				MACOSX_DEPLOYMENT_TARGET = 10.7;
				PROSOPON_BUILD_DIR = "$(PROSOPON_ROOT_DIR)/build";
				PROSOPON_BUILD_ROOT = "$(PROSOPON_ROOT_DIR)/build";
				PROSOPON_ROOT_DIR = ..;
				SDKROOT = macosx;
				SYMROOT = "$(PROSOPON_BUILD_ROOT)";
				USER_HEADER_SEARCH_PATHS = "$(BUILT_PRODUCTS_DIR)/**";
			};
			name = Release;
		};
		89A289361544EF55006FE304 /* Debug */ = {
			isa = XCBuildConfiguration;
			buildSettings = {
				ALWAYS_SEARCH_USER_PATHS = NO;
				EXECUTABLE_PREFIX = lib;
				PRODUCT_NAME = "$(TARGET_NAME)";
			};
			name = Debug;
		};
		89A289371544EF55006FE304 /* Release */ = {
			isa = XCBuildConfiguration;
			buildSettings = {
				ALWAYS_SEARCH_USER_PATHS = NO;
				EXECUTABLE_PREFIX = lib;
				PRODUCT_NAME = "$(TARGET_NAME)";
			};
			name = Release;
		};
		89CE9C67151D751900CE5511 /* Debug */ = {
			isa = XCBuildConfiguration;
			buildSettings = {
				ALWAYS_SEARCH_USER_PATHS = NO;
				PRODUCT_NAME = "$(TARGET_NAME)";
			};
			name = Debug;
		};
		89CE9C68151D751900CE5511 /* Release */ = {
			isa = XCBuildConfiguration;
			buildSettings = {
				ALWAYS_SEARCH_USER_PATHS = NO;
				PRODUCT_NAME = "$(TARGET_NAME)";
			};
			name = Release;
		};
/* End XCBuildConfiguration section */

/* Begin XCConfigurationList section */
		890025041512409A0012E749 /* Build configuration list for PBXProject "prosopon-interpreter" */ = {
			isa = XCConfigurationList;
			buildConfigurations = (
				8900250C1512409A0012E749 /* Debug */,
				8900250D1512409A0012E749 /* Release */,
			);
			defaultConfigurationIsVisible = 0;
			defaultConfigurationName = Release;
		};
		89A289351544EF55006FE304 /* Build configuration list for PBXNativeTarget "prosopon-interpreter" */ = {
			isa = XCConfigurationList;
			buildConfigurations = (
				89A289361544EF55006FE304 /* Debug */,
				89A289371544EF55006FE304 /* Release */,
			);
			defaultConfigurationIsVisible = 0;
			defaultConfigurationName = Release;
		};
		89CE9C66151D751900CE5511 /* Build configuration list for PBXNativeTarget "prosopon-interpreter-tests" */ = {
			isa = XCConfigurationList;
			buildConfigurations = (
				89CE9C67151D751900CE5511 /* Debug */,
				89CE9C68151D751900CE5511 /* Release */,
			);
			defaultConfigurationIsVisible = 0;
			defaultConfigurationName = Release;
		};
/* End XCConfigurationList section */
	};
	rootObject = 890025011512409A0012E749 /* Project object */;
}
